
Microsoft Visual Studio Solution File, Format Version 12.00
# Visual Studio Version 17
VisualStudioVersion = 17.8.34316.72
MinimumVisualStudioVersion = 10.0.40219.1
Project("{FAE04EC0-301F-11D3-BF4B-00C04F79EFBC}") = "BTRS", "BTRS\BTRS.csproj", "{7567863B-ADC5-460E-8F04-64427012194F}"
EndProject
Global
	GlobalSection(SolutionConfigurationPlatforms) = preSolution
		Debug|Any CPU = Debug|Any CPU
		Release|Any CPU = Release|Any CPU
	EndGlobalSection
	GlobalSection(ProjectConfigurationPlatforms) = postSolution
		{7567863B-ADC5-460E-8F04-64427012194F}.Debug|Any CPU.ActiveCfg = Debug|Any CPU
		{7567863B-ADC5-460E-8F04-64427012194F}.Debug|Any CPU.Build.0 = Debug|Any CPU
		{7567863B-ADC5-460E-8F04-64427012194F}.Release|Any CPU.ActiveCfg = Release|Any CPU
		{7567863B-ADC5-460E-8F04-64427012194F}.Release|Any CPU.Build.0 = Release|Any CPU
	EndGlobalSection
	GlobalSection(SolutionProperties) = preSolution
		HideSolutionNode = FALSE
	EndGlobalSection
	GlobalSection(ExtensibilityGlobals) = postSolution
		SolutionGuid = {0268C831-AF30-4FDB-BE09-60D9010E673D}
	EndGlobalSection
EndGlobal
